
Microsoft Visual Studio Solution File, Format Version 12.00
# Visual Studio 15
VisualStudioVersion = 15.0.27428.2037
MinimumVisualStudioVersion = 10.0.40219.1
Project("{FAE04EC0-301F-11D3-BF4B-00C04F79EFBC}") = "DBMSProject1", "DBMSProject1\DBMSProject1.csproj", "{2D1C2BC1-AE5B-4CAD-A8B7-4C644CE7E24F}"
EndProject
Global
	GlobalSection(SolutionConfigurationPlatforms) = preSolution
		Debug|Any CPU = Debug|Any CPU
		Release|Any CPU = Release|Any CPU
	EndGlobalSection
	GlobalSection(ProjectConfigurationPlatforms) = postSolution
		{2D1C2BC1-AE5B-4CAD-A8B7-4C644CE7E24F}.Debug|Any CPU.ActiveCfg = Debug|Any CPU
		{2D1C2BC1-AE5B-4CAD-A8B7-4C644CE7E24F}.Debug|Any CPU.Build.0 = Debug|Any CPU
		{2D1C2BC1-AE5B-4CAD-A8B7-4C644CE7E24F}.Release|Any CPU.ActiveCfg = Release|Any CPU
		{2D1C2BC1-AE5B-4CAD-A8B7-4C644CE7E24F}.Release|Any CPU.Build.0 = Release|Any CPU
	EndGlobalSection
	GlobalSection(SolutionProperties) = preSolution
		HideSolutionNode = FALSE
	EndGlobalSection
	GlobalSection(ExtensibilityGlobals) = postSolution
		SolutionGuid = {4B39D5D6-6C44-4080-B325-A5E73444DB7E}
	EndGlobalSection
EndGlobal
